{
  "R": {
    "Version": "4.3.3",
    "Repositories": [
      {
        "Name": "CRAN",
        "URL": "https://cran.r-project.org"
      }
    ]
  },
  "Packages": {
    "DESeq2": {
      "Package": "DESeq2",
      "Version": "1.42.0",
      "Source": "Bioconductor",
      "Hash": "placeholder-deseq2-hash"
    },
    "GaugeRNA": {
      "Package": "GaugeRNA",
      "Version": "0.1.0",
      "Source": "local",
      "Hash": "placeholder-gaugerna-hash"
    },
    "ggplot2": {
      "Package": "ggplot2",
      "Version": "3.5.0",
      "Source": "Repository",
      "Repository": "CRAN",
      "Hash": "placeholder-ggplot2-hash"
    },
    "knitr": {
      "Package": "knitr",
      "Version": "1.45",
      "Source": "Repository",
      "Repository": "CRAN",
      "Hash": "placeholder-knitr-hash"
    },
    "rmarkdown": {
      "Package": "rmarkdown",
      "Version": "2.26",
      "Source": "Repository",
      "Repository": "CRAN",
      "Hash": "placeholder-rmarkdown-hash"
    },
    "testthat": {
      "Package": "testthat",
      "Version": "3.2.1",
      "Source": "Repository",
      "Repository": "CRAN",
      "Hash": "placeholder-testthat-hash"
    }
  }
}